PODS:
  - Alamofire (4.7.3)
  - lottie-ios (2.5.0)
  - Realm (3.11.0):
    - Realm/Headers (= 3.11.0)
  - Realm/Headers (3.11.0)
  - RealmSwift (3.11.0):
    - Realm (= 3.11.0)

DEPENDENCIES:
  - Alamofire
  - lottie-ios
  - RealmSwift

SPEC REPOS:
  https://github.com/cocoapods/specs.git:
    - Alamofire
    - lottie-ios
    - Realm
    - RealmSwift

SPEC CHECKSUMS:
  Alamofire: c7287b6e5d7da964a70935e5db17046b7fde6568
  lottie-ios: d699fdee68d7b63e721d949388b015fef1aaa4ac
  Realm: 92f09a102692b96a9a10e9617f214f15c5ab85fc
  RealmSwift: 5f0481cd658bb751c509314b964a35eaa264d2cf

PODFILE CHECKSUM: 7090d77ae2d37fcf3a3893bad0e7328b52fce126

COCOAPODS: 1.5.2
