// !$*UTF8*$!
{
	archiveVersion = 1;
	classes = {
	};
	objectVersion = 50;
	objects = {

/* Begin PBXBuildFile section */
		3C95D76DA5C21313A246C92F /* Pods_SerienTracker.framework in Frameworks */ = {isa = PBXBuildFile; fileRef = DB5049DDDD16A9401215F1D4 /* Pods_SerienTracker.framework */; };
		6509780E218B1050004153A5 /* epCell.swift in Sources */ = {isa = PBXBuildFile; fileRef = 6509780D218B1050004153A5 /* epCell.swift */; };
		6509781A21922F35004153A5 /* search.json in Resources */ = {isa = PBXBuildFile; fileRef = 6509781921922F35004153A5 /* search.json */; };
		65228A1821860AE8002AFD7A /* previewViewController.swift in Sources */ = {isa = PBXBuildFile; fileRef = 65228A1721860AE8002AFD7A /* previewViewController.swift */; };
		654CA107218653FF004DD0D3 /* .gitignore in Resources */ = {isa = PBXBuildFile; fileRef = 654CA106218653FF004DD0D3 /* .gitignore */; };
		655F01412178F8710079D430 /* ShowEpisodenInformation.swift in Sources */ = {isa = PBXBuildFile; fileRef = 655F01402178F8710079D430 /* ShowEpisodenInformation.swift */; };
		657A77E22198542E005DB872 /* BookmarksVC.swift in Sources */ = {isa = PBXBuildFile; fileRef = 657A77E12198542E005DB872 /* BookmarksVC.swift */; };
		658BEEC521A9C7B10097F105 /* Calendar.storyboard in Resources */ = {isa = PBXBuildFile; fileRef = 658BEEC421A9C7B10097F105 /* Calendar.storyboard */; };
		658BEEC721A9D1530097F105 /* CalendarCollectionCustomCell.swift in Sources */ = {isa = PBXBuildFile; fileRef = 658BEEC621A9D1530097F105 /* CalendarCollectionCustomCell.swift */; };
		65C14EFC217B729D001BB656 /* MainShowInformationVC.swift in Sources */ = {isa = PBXBuildFile; fileRef = 65C14EFB217B729D001BB656 /* MainShowInformationVC.swift */; };
		65C14EFE217B72E9001BB656 /* EpisodesListVC.swift in Sources */ = {isa = PBXBuildFile; fileRef = 65C14EFD217B72E9001BB656 /* EpisodesListVC.swift */; };
		65C14F00217B83A2001BB656 /* ShowSerachApi.swift in Sources */ = {isa = PBXBuildFile; fileRef = 65C14EFF217B83A2001BB656 /* ShowSerachApi.swift */; };
		65C14F02217B85C7001BB656 /* ShowSearch.swift in Sources */ = {isa = PBXBuildFile; fileRef = 65C14F01217B85C7001BB656 /* ShowSearch.swift */; };
		65C14F04217BD009001BB656 /* CachedImageView.swift in Sources */ = {isa = PBXBuildFile; fileRef = 65C14F03217BD009001BB656 /* CachedImageView.swift */; };
		65C14F08217BD2E0001BB656 /* Main.storyboard in Resources */ = {isa = PBXBuildFile; fileRef = 65C14F07217BD2E0001BB656 /* Main.storyboard */; };
		65D0B95A21A1E39800A878F0 /* Bookmark.storyboard in Resources */ = {isa = PBXBuildFile; fileRef = 65D0B95921A1E39800A878F0 /* Bookmark.storyboard */; };
		65D0B95C21A1E3B300A878F0 /* SearchStoryboard.storyboard in Resources */ = {isa = PBXBuildFile; fileRef = 65D0B95B21A1E3B300A878F0 /* SearchStoryboard.storyboard */; };
		65E7B8F221723648006FA47D /* AppDelegate.swift in Sources */ = {isa = PBXBuildFile; fileRef = 65E7B8F121723648006FA47D /* AppDelegate.swift */; };
		65E7B8F421723648006FA47D /* HomeVC.swift in Sources */ = {isa = PBXBuildFile; fileRef = 65E7B8F321723648006FA47D /* HomeVC.swift */; };
		65E7B8F921723648006FA47D /* Assets.xcassets in Resources */ = {isa = PBXBuildFile; fileRef = 65E7B8F821723648006FA47D /* Assets.xcassets */; };
		65E7B8FC21723648006FA47D /* LaunchScreen.storyboard in Resources */ = {isa = PBXBuildFile; fileRef = 65E7B8FA21723648006FA47D /* LaunchScreen.storyboard */; };
		65E7B90821723703006FA47D /* ShowMainInformation.swift in Sources */ = {isa = PBXBuildFile; fileRef = 65E7B90721723703006FA47D /* ShowMainInformation.swift */; };
		65E7B90A2172533F006FA47D /* ShowMainApi.swift in Sources */ = {isa = PBXBuildFile; fileRef = 65E7B9092172533F006FA47D /* ShowMainApi.swift */; };
		65E7B90C217253AE006FA47D /* Constants.swift in Sources */ = {isa = PBXBuildFile; fileRef = 65E7B90B217253AE006FA47D /* Constants.swift */; };
		65E7B91021725FC4006FA47D /* ShowEpListApi.swift in Sources */ = {isa = PBXBuildFile; fileRef = 65E7B90F21725FC4006FA47D /* ShowEpListApi.swift */; };
		65EAE2DA217C8EF40024ACBB /* String+Extension.swift in Sources */ = {isa = PBXBuildFile; fileRef = 65EAE2D9217C8EF40024ACBB /* String+Extension.swift */; };
		674D27DF21A0CDCD008D3A9A /* UIViewController+Ext.swift in Sources */ = {isa = PBXBuildFile; fileRef = 674D27DE21A0CDCD008D3A9A /* UIViewController+Ext.swift */; };
		674D27E121A0CFAA008D3A9A /* bookmarkCell.swift in Sources */ = {isa = PBXBuildFile; fileRef = 674D27E021A0CFAA008D3A9A /* bookmarkCell.swift */; };
		675D50A621A0DCD900719CDA /* bookmark.png in Resources */ = {isa = PBXBuildFile; fileRef = 675D50A521A0DCD900719CDA /* bookmark.png */; };
		676EBA7921A36F2200F9312B /* UIApplication+Ext.swift in Sources */ = {isa = PBXBuildFile; fileRef = 676EBA7821A36F2200F9312B /* UIApplication+Ext.swift */; };
		6785B1F9219A2AFB0041BBC4 /* UserActionConfirmView.swift in Sources */ = {isa = PBXBuildFile; fileRef = 6785B1F8219A2AFB0041BBC4 /* UserActionConfirmView.swift */; };
		679CA8A321A17749000BB2C7 /* String+Ext.swift in Sources */ = {isa = PBXBuildFile; fileRef = 679CA8A221A17749000BB2C7 /* String+Ext.swift */; };
		67A36325219DF8B600B05D06 /* 45-Bookmark.json in Resources */ = {isa = PBXBuildFile; fileRef = 67A36324219DF8B600B05D06 /* 45-Bookmark.json */; };
		67D49CD0219741E600FF767A /* RealmBookmarkShow.swift in Sources */ = {isa = PBXBuildFile; fileRef = 67D49CCF219741E600FF767A /* RealmBookmarkShow.swift */; };
		67D85AF42198189F00094E34 /* mainCell.swift in Sources */ = {isa = PBXBuildFile; fileRef = 67D85AF32198189F00094E34 /* mainCell.swift */; };
		67F10EC121A060F0009156B6 /* UIFont+Ext.swift in Sources */ = {isa = PBXBuildFile; fileRef = 67F10EC021A060F0009156B6 /* UIFont+Ext.swift */; };
		67FB0B24219BF292002D3430 /* ShowOperationAPI.swift in Sources */ = {isa = PBXBuildFile; fileRef = 67FB0B23219BF292002D3430 /* ShowOperationAPI.swift */; };
/* End PBXBuildFile section */

/* Begin PBXFileReference section */
		135E1B3DFCF64FA9F06E38C7 /* Pods-SerienTracker.debug.xcconfig */ = {isa = PBXFileReference; includeInIndex = 1; lastKnownFileType = text.xcconfig; name = "Pods-SerienTracker.debug.xcconfig"; path = "Pods/Target Support Files/Pods-SerienTracker/Pods-SerienTracker.debug.xcconfig"; sourceTree = "<group>"; };
		3B87D319B785A717BD43994D /* Pods-SerienTracker.release.xcconfig */ = {isa = PBXFileReference; includeInIndex = 1; lastKnownFileType = text.xcconfig; name = "Pods-SerienTracker.release.xcconfig"; path = "Pods/Target Support Files/Pods-SerienTracker/Pods-SerienTracker.release.xcconfig"; sourceTree = "<group>"; };
		6509780D218B1050004153A5 /* epCell.swift */ = {isa = PBXFileReference; lastKnownFileType = sourcecode.swift; path = epCell.swift; sourceTree = "<group>"; };
		6509781921922F35004153A5 /* search.json */ = {isa = PBXFileReference; fileEncoding = 4; lastKnownFileType = text.json; path = search.json; sourceTree = "<group>"; };
		65228A1721860AE8002AFD7A /* previewViewController.swift */ = {isa = PBXFileReference; lastKnownFileType = sourcecode.swift; path = previewViewController.swift; sourceTree = "<group>"; };
		654CA106218653FF004DD0D3 /* .gitignore */ = {isa = PBXFileReference; lastKnownFileType = text; path = .gitignore; sourceTree = "<group>"; };
		655F01402178F8710079D430 /* ShowEpisodenInformation.swift */ = {isa = PBXFileReference; lastKnownFileType = sourcecode.swift; path = ShowEpisodenInformation.swift; sourceTree = "<group>"; };
		657A77E12198542E005DB872 /* BookmarksVC.swift */ = {isa = PBXFileReference; lastKnownFileType = sourcecode.swift; path = BookmarksVC.swift; sourceTree = "<group>"; };
		658BEEC421A9C7B10097F105 /* Calendar.storyboard */ = {isa = PBXFileReference; lastKnownFileType = file.storyboard; path = Calendar.storyboard; sourceTree = "<group>"; };
		658BEEC621A9D1530097F105 /* CalendarCollectionCustomCell.swift */ = {isa = PBXFileReference; lastKnownFileType = sourcecode.swift; path = CalendarCollectionCustomCell.swift; sourceTree = "<group>"; };
		65C14EFB217B729D001BB656 /* MainShowInformationVC.swift */ = {isa = PBXFileReference; lastKnownFileType = sourcecode.swift; path = MainShowInformationVC.swift; sourceTree = "<group>"; };
		65C14EFD217B72E9001BB656 /* EpisodesListVC.swift */ = {isa = PBXFileReference; lastKnownFileType = sourcecode.swift; path = EpisodesListVC.swift; sourceTree = "<group>"; };
		65C14EFF217B83A2001BB656 /* ShowSerachApi.swift */ = {isa = PBXFileReference; lastKnownFileType = sourcecode.swift; path = ShowSerachApi.swift; sourceTree = "<group>"; };
		65C14F01217B85C7001BB656 /* ShowSearch.swift */ = {isa = PBXFileReference; lastKnownFileType = sourcecode.swift; path = ShowSearch.swift; sourceTree = "<group>"; };
		65C14F03217BD009001BB656 /* CachedImageView.swift */ = {isa = PBXFileReference; fileEncoding = 4; lastKnownFileType = sourcecode.swift; path = CachedImageView.swift; sourceTree = "<group>"; };
		65C14F07217BD2E0001BB656 /* Main.storyboard */ = {isa = PBXFileReference; fileEncoding = 4; lastKnownFileType = file.storyboard; path = Main.storyboard; sourceTree = "<group>"; };
		65D0B95921A1E39800A878F0 /* Bookmark.storyboard */ = {isa = PBXFileReference; lastKnownFileType = file.storyboard; path = Bookmark.storyboard; sourceTree = "<group>"; };
		65D0B95B21A1E3B300A878F0 /* SearchStoryboard.storyboard */ = {isa = PBXFileReference; lastKnownFileType = file.storyboard; path = SearchStoryboard.storyboard; sourceTree = "<group>"; };
		65E7B8EE21723648006FA47D /* SerienTracker.app */ = {isa = PBXFileReference; explicitFileType = wrapper.application; includeInIndex = 0; path = SerienTracker.app; sourceTree = BUILT_PRODUCTS_DIR; };
		65E7B8F121723648006FA47D /* AppDelegate.swift */ = {isa = PBXFileReference; lastKnownFileType = sourcecode.swift; path = AppDelegate.swift; sourceTree = "<group>"; };
		65E7B8F321723648006FA47D /* HomeVC.swift */ = {isa = PBXFileReference; lastKnownFileType = sourcecode.swift; path = HomeVC.swift; sourceTree = "<group>"; };
		65E7B8F821723648006FA47D /* Assets.xcassets */ = {isa = PBXFileReference; lastKnownFileType = folder.assetcatalog; path = Assets.xcassets; sourceTree = "<group>"; };
		65E7B8FB21723648006FA47D /* Base */ = {isa = PBXFileReference; lastKnownFileType = file.storyboard; name = Base; path = Base.lproj/LaunchScreen.storyboard; sourceTree = "<group>"; };
		65E7B8FD21723648006FA47D /* Info.plist */ = {isa = PBXFileReference; lastKnownFileType = text.plist.xml; path = Info.plist; sourceTree = "<group>"; };
		65E7B90721723703006FA47D /* ShowMainInformation.swift */ = {isa = PBXFileReference; lastKnownFileType = sourcecode.swift; path = ShowMainInformation.swift; sourceTree = "<group>"; };
		65E7B9092172533F006FA47D /* ShowMainApi.swift */ = {isa = PBXFileReference; lastKnownFileType = sourcecode.swift; path = ShowMainApi.swift; sourceTree = "<group>"; };
		65E7B90B217253AE006FA47D /* Constants.swift */ = {isa = PBXFileReference; lastKnownFileType = sourcecode.swift; path = Constants.swift; sourceTree = "<group>"; };
		65E7B90F21725FC4006FA47D /* ShowEpListApi.swift */ = {isa = PBXFileReference; lastKnownFileType = sourcecode.swift; path = ShowEpListApi.swift; sourceTree = "<group>"; };
		65EAE2D9217C8EF40024ACBB /* String+Extension.swift */ = {isa = PBXFileReference; fileEncoding = 4; lastKnownFileType = sourcecode.swift; path = "String+Extension.swift"; sourceTree = "<group>"; };
		674D27DE21A0CDCD008D3A9A /* UIViewController+Ext.swift */ = {isa = PBXFileReference; lastKnownFileType = sourcecode.swift; path = "UIViewController+Ext.swift"; sourceTree = "<group>"; };
		674D27E021A0CFAA008D3A9A /* bookmarkCell.swift */ = {isa = PBXFileReference; lastKnownFileType = sourcecode.swift; path = bookmarkCell.swift; sourceTree = "<group>"; };
		675D50A521A0DCD900719CDA /* bookmark.png */ = {isa = PBXFileReference; lastKnownFileType = image.png; path = bookmark.png; sourceTree = "<group>"; };
		676EBA7821A36F2200F9312B /* UIApplication+Ext.swift */ = {isa = PBXFileReference; lastKnownFileType = sourcecode.swift; path = "UIApplication+Ext.swift"; sourceTree = "<group>"; };
		6785B1F8219A2AFB0041BBC4 /* UserActionConfirmView.swift */ = {isa = PBXFileReference; lastKnownFileType = sourcecode.swift; path = UserActionConfirmView.swift; sourceTree = "<group>"; };
		679CA8A221A17749000BB2C7 /* String+Ext.swift */ = {isa = PBXFileReference; lastKnownFileType = sourcecode.swift; path = "String+Ext.swift"; sourceTree = "<group>"; };
		67A36324219DF8B600B05D06 /* 45-Bookmark.json */ = {isa = PBXFileReference; fileEncoding = 4; lastKnownFileType = text.json; path = "45-Bookmark.json"; sourceTree = "<group>"; };
		67D49CCF219741E600FF767A /* RealmBookmarkShow.swift */ = {isa = PBXFileReference; lastKnownFileType = sourcecode.swift; path = RealmBookmarkShow.swift; sourceTree = "<group>"; };
		67D85AF32198189F00094E34 /* mainCell.swift */ = {isa = PBXFileReference; lastKnownFileType = sourcecode.swift; path = mainCell.swift; sourceTree = "<group>"; };
		67F10EC021A060F0009156B6 /* UIFont+Ext.swift */ = {isa = PBXFileReference; lastKnownFileType = sourcecode.swift; path = "UIFont+Ext.swift"; sourceTree = "<group>"; };
		67FB0B23219BF292002D3430 /* ShowOperationAPI.swift */ = {isa = PBXFileReference; lastKnownFileType = sourcecode.swift; path = ShowOperationAPI.swift; sourceTree = "<group>"; };
		DB5049DDDD16A9401215F1D4 /* Pods_SerienTracker.framework */ = {isa = PBXFileReference; explicitFileType = wrapper.framework; includeInIndex = 0; path = Pods_SerienTracker.framework; sourceTree = BUILT_PRODUCTS_DIR; };
/* End PBXFileReference section */

/* Begin PBXFrameworksBuildPhase section */
		65E7B8EB21723648006FA47D /* Frameworks */ = {
			isa = PBXFrameworksBuildPhase;
			buildActionMask = 2147483647;
			files = (
				3C95D76DA5C21313A246C92F /* Pods_SerienTracker.framework in Frameworks */,
			);
			runOnlyForDeploymentPostprocessing = 0;
		};
/* End PBXFrameworksBuildPhase section */

/* Begin PBXGroup section */
		207120CC6A3EA7250FA04F7C /* Pods */ = {
			isa = PBXGroup;
			children = (
				135E1B3DFCF64FA9F06E38C7 /* Pods-SerienTracker.debug.xcconfig */,
				3B87D319B785A717BD43994D /* Pods-SerienTracker.release.xcconfig */,
			);
			name = Pods;
			sourceTree = "<group>";
		};
		655F01422178FADD0079D430 /* JSON Parsing */ = {
			isa = PBXGroup;
			children = (
				65C14F03217BD009001BB656 /* CachedImageView.swift */,
				65E7B9092172533F006FA47D /* ShowMainApi.swift */,
				65E7B90F21725FC4006FA47D /* ShowEpListApi.swift */,
				65C14EFF217B83A2001BB656 /* ShowSerachApi.swift */,
			);
			path = "JSON Parsing";
			sourceTree = "<group>";
		};
		65D0B95821A1E1C200A878F0 /* CustomCells */ = {
			isa = PBXGroup;
			children = (
				6509780D218B1050004153A5 /* epCell.swift */,
				67D85AF32198189F00094E34 /* mainCell.swift */,
				674D27E021A0CFAA008D3A9A /* bookmarkCell.swift */,
				658BEEC621A9D1530097F105 /* CalendarCollectionCustomCell.swift */,
			);
			path = CustomCells;
			sourceTree = "<group>";
		};
		65D0B95D21A1E51E00A878F0 /* LottiAnimations */ = {
			isa = PBXGroup;
			children = (
				6509781921922F35004153A5 /* search.json */,
				67A36324219DF8B600B05D06 /* 45-Bookmark.json */,
			);
			path = LottiAnimations;
			sourceTree = "<group>";
		};
		65E7B8E521723647006FA47D = {
			isa = PBXGroup;
			children = (
				67FB0B22219BF239002D3430 /* OperationAPI */,
				654CA106218653FF004DD0D3 /* .gitignore */,
				65E7B8F021723648006FA47D /* SerienTracker */,
				65E7B8EF21723648006FA47D /* Products */,
				207120CC6A3EA7250FA04F7C /* Pods */,
				7F6553F4C7178B9B31C2237E /* Frameworks */,
			);
			sourceTree = "<group>";
		};
		65E7B8EF21723648006FA47D /* Products */ = {
			isa = PBXGroup;
			children = (
				65E7B8EE21723648006FA47D /* SerienTracker.app */,
			);
			name = Products;
			sourceTree = "<group>";
		};
		65E7B8F021723648006FA47D /* SerienTracker */ = {
			isa = PBXGroup;
			children = (
				65D0B95821A1E1C200A878F0 /* CustomCells */,
				675D50A421A0DCC600719CDA /* Images */,
				67F10EBF21A060CE009156B6 /* Extensions */,
				65E7B8F121723648006FA47D /* AppDelegate.swift */,
				65E7B90321723658006FA47D /* Model */,
				65E7B9042172366C006FA47D /* Storyboards */,
				655F01422178FADD0079D430 /* JSON Parsing */,
				65E7B90521723673006FA47D /* Controller */,
				65E7B9062172367D006FA47D /* Assets */,
				65E7B8FD21723648006FA47D /* Info.plist */,
			);
			path = SerienTracker;
			sourceTree = "<group>";
		};
		65E7B90321723658006FA47D /* Model */ = {
			isa = PBXGroup;
			children = (
				65E7B90721723703006FA47D /* ShowMainInformation.swift */,
				655F01402178F8710079D430 /* ShowEpisodenInformation.swift */,
				67D49CCF219741E600FF767A /* RealmBookmarkShow.swift */,
				65C14F01217B85C7001BB656 /* ShowSearch.swift */,
			);
			path = Model;
			sourceTree = "<group>";
		};
		65E7B9042172366C006FA47D /* Storyboards */ = {
			isa = PBXGroup;
			children = (
				65E7B8FA21723648006FA47D /* LaunchScreen.storyboard */,
				65C14F07217BD2E0001BB656 /* Main.storyboard */,
				65D0B95921A1E39800A878F0 /* Bookmark.storyboard */,
				65D0B95B21A1E3B300A878F0 /* SearchStoryboard.storyboard */,
				658BEEC421A9C7B10097F105 /* Calendar.storyboard */,
			);
			path = Storyboards;
			sourceTree = "<group>";
		};
		65E7B90521723673006FA47D /* Controller */ = {
			isa = PBXGroup;
			children = (
				65EAE2D9217C8EF40024ACBB /* String+Extension.swift */,
				65E7B8F321723648006FA47D /* HomeVC.swift */,
				65C14EFB217B729D001BB656 /* MainShowInformationVC.swift */,
				65C14EFD217B72E9001BB656 /* EpisodesListVC.swift */,
				65228A1721860AE8002AFD7A /* previewViewController.swift */,
				657A77E12198542E005DB872 /* BookmarksVC.swift */,
			);
			path = Controller;
			sourceTree = "<group>";
		};
		65E7B9062172367D006FA47D /* Assets */ = {
			isa = PBXGroup;
			children = (
				65D0B95D21A1E51E00A878F0 /* LottiAnimations */,
				65E7B8F821723648006FA47D /* Assets.xcassets */,
				65E7B90B217253AE006FA47D /* Constants.swift */,
			);
			path = Assets;
			sourceTree = "<group>";
		};
		675D50A421A0DCC600719CDA /* Images */ = {
			isa = PBXGroup;
			children = (
				675D50A521A0DCD900719CDA /* bookmark.png */,
			);
			path = Images;
			sourceTree = "<group>";
		};
		67F10EBF21A060CE009156B6 /* Extensions */ = {
			isa = PBXGroup;
			children = (
				6785B1F8219A2AFB0041BBC4 /* UserActionConfirmView.swift */,
				67F10EC021A060F0009156B6 /* UIFont+Ext.swift */,
				674D27DE21A0CDCD008D3A9A /* UIViewController+Ext.swift */,
				679CA8A221A17749000BB2C7 /* String+Ext.swift */,
				676EBA7821A36F2200F9312B /* UIApplication+Ext.swift */,
			);
			path = Extensions;
			sourceTree = "<group>";
		};
		67FB0B22219BF239002D3430 /* OperationAPI */ = {
			isa = PBXGroup;
			children = (
				67FB0B23219BF292002D3430 /* ShowOperationAPI.swift */,
			);
			path = OperationAPI;
			sourceTree = "<group>";
		};
		7F6553F4C7178B9B31C2237E /* Frameworks */ = {
			isa = PBXGroup;
			children = (
				DB5049DDDD16A9401215F1D4 /* Pods_SerienTracker.framework */,
			);
			name = Frameworks;
			sourceTree = "<group>";
		};
/* End PBXGroup section */

/* Begin PBXNativeTarget section */
		65E7B8ED21723648006FA47D /* SerienTracker */ = {
			isa = PBXNativeTarget;
			buildConfigurationList = 65E7B90021723648006FA47D /* Build configuration list for PBXNativeTarget "SerienTracker" */;
			buildPhases = (
				4382C990298C9D7D30849FE7 /* [CP] Check Pods Manifest.lock */,
				65E7B8EA21723648006FA47D /* Sources */,
				65E7B8EB21723648006FA47D /* Frameworks */,
				65E7B8EC21723648006FA47D /* Resources */,
				9328D395422B16BAE0267B6E /* [CP] Embed Pods Frameworks */,
			);
			buildRules = (
			);
			dependencies = (
			);
			name = SerienTracker;
			productName = SerienTracker;
			productReference = 65E7B8EE21723648006FA47D /* SerienTracker.app */;
			productType = "com.apple.product-type.application";
		};
/* End PBXNativeTarget section */

/* Begin PBXProject section */
		65E7B8E621723647006FA47D /* Project object */ = {
			isa = PBXProject;
			attributes = {
				LastSwiftUpdateCheck = 1000;
				LastUpgradeCheck = 1000;
				ORGANIZATIONNAME = "Daniel Keglmeier";
				TargetAttributes = {
					65E7B8ED21723648006FA47D = {
						CreatedOnToolsVersion = 10.0;
					};
				};
			};
			buildConfigurationList = 65E7B8E921723647006FA47D /* Build configuration list for PBXProject "SerienTracker" */;
			compatibilityVersion = "Xcode 9.3";
			developmentRegion = en;
			hasScannedForEncodings = 0;
			knownRegions = (
				en,
				Base,
			);
			mainGroup = 65E7B8E521723647006FA47D;
			productRefGroup = 65E7B8EF21723648006FA47D /* Products */;
			projectDirPath = "";
			projectRoot = "";
			targets = (
				65E7B8ED21723648006FA47D /* SerienTracker */,
			);
		};
/* End PBXProject section */

/* Begin PBXResourcesBuildPhase section */
		65E7B8EC21723648006FA47D /* Resources */ = {
			isa = PBXResourcesBuildPhase;
			buildActionMask = 2147483647;
			files = (
				65D0B95A21A1E39800A878F0 /* Bookmark.storyboard in Resources */,
				654CA107218653FF004DD0D3 /* .gitignore in Resources */,
				65E7B8FC21723648006FA47D /* LaunchScreen.storyboard in Resources */,
				67A36325219DF8B600B05D06 /* 45-Bookmark.json in Resources */,
				675D50A621A0DCD900719CDA /* bookmark.png in Resources */,
				65E7B8F921723648006FA47D /* Assets.xcassets in Resources */,
				65D0B95C21A1E3B300A878F0 /* SearchStoryboard.storyboard in Resources */,
				65C14F08217BD2E0001BB656 /* Main.storyboard in Resources */,
				658BEEC521A9C7B10097F105 /* Calendar.storyboard in Resources */,
				6509781A21922F35004153A5 /* search.json in Resources */,
			);
			runOnlyForDeploymentPostprocessing = 0;
		};
/* End PBXResourcesBuildPhase section */

/* Begin PBXShellScriptBuildPhase section */
		4382C990298C9D7D30849FE7 /* [CP] Check Pods Manifest.lock */ = {
			isa = PBXShellScriptBuildPhase;
			buildActionMask = 2147483647;
			files = (
			);
			inputPaths = (
				"${PODS_PODFILE_DIR_PATH}/Podfile.lock",
				"${PODS_ROOT}/Manifest.lock",
			);
			name = "[CP] Check Pods Manifest.lock";
			outputPaths = (
				"$(DERIVED_FILE_DIR)/Pods-SerienTracker-checkManifestLockResult.txt",
			);
			runOnlyForDeploymentPostprocessing = 0;
			shellPath = /bin/sh;
			shellScript = "diff \"${PODS_PODFILE_DIR_PATH}/Podfile.lock\" \"${PODS_ROOT}/Manifest.lock\" > /dev/null\nif [ $? != 0 ] ; then\n    # print error to STDERR\n    echo \"error: The sandbox is not in sync with the Podfile.lock. Run 'pod install' or update your CocoaPods installation.\" >&2\n    exit 1\nfi\n# This output is used by Xcode 'outputs' to avoid re-running this script phase.\necho \"SUCCESS\" > \"${SCRIPT_OUTPUT_FILE_0}\"\n";
			showEnvVarsInLog = 0;
		};
		9328D395422B16BAE0267B6E /* [CP] Embed Pods Frameworks */ = {
			isa = PBXShellScriptBuildPhase;
			buildActionMask = 2147483647;
			files = (
			);
			inputPaths = (
				"${SRCROOT}/Pods/Target Support Files/Pods-SerienTracker/Pods-SerienTracker-frameworks.sh",
				"${BUILT_PRODUCTS_DIR}/Alamofire/Alamofire.framework",
				"${BUILT_PRODUCTS_DIR}/JTAppleCalendar/JTAppleCalendar.framework",
				"${BUILT_PRODUCTS_DIR}/Realm/Realm.framework",
				"${BUILT_PRODUCTS_DIR}/RealmSwift/RealmSwift.framework",
				"${BUILT_PRODUCTS_DIR}/lottie-ios/Lottie.framework",
			);
			name = "[CP] Embed Pods Frameworks";
			outputPaths = (
				"${TARGET_BUILD_DIR}/${FRAMEWORKS_FOLDER_PATH}/Alamofire.framework",
				"${TARGET_BUILD_DIR}/${FRAMEWORKS_FOLDER_PATH}/JTAppleCalendar.framework",
				"${TARGET_BUILD_DIR}/${FRAMEWORKS_FOLDER_PATH}/Realm.framework",
				"${TARGET_BUILD_DIR}/${FRAMEWORKS_FOLDER_PATH}/RealmSwift.framework",
				"${TARGET_BUILD_DIR}/${FRAMEWORKS_FOLDER_PATH}/Lottie.framework",
			);
			runOnlyForDeploymentPostprocessing = 0;
			shellPath = /bin/sh;
			shellScript = "\"${SRCROOT}/Pods/Target Support Files/Pods-SerienTracker/Pods-SerienTracker-frameworks.sh\"\n";
			showEnvVarsInLog = 0;
		};
/* End PBXShellScriptBuildPhase section */

/* Begin PBXSourcesBuildPhase section */
		65E7B8EA21723648006FA47D /* Sources */ = {
			isa = PBXSourcesBuildPhase;
			buildActionMask = 2147483647;
			files = (
				65E7B90C217253AE006FA47D /* Constants.swift in Sources */,
				65E7B90A2172533F006FA47D /* ShowMainApi.swift in Sources */,
				65E7B8F421723648006FA47D /* HomeVC.swift in Sources */,
				67F10EC121A060F0009156B6 /* UIFont+Ext.swift in Sources */,
				65C14F00217B83A2001BB656 /* ShowSerachApi.swift in Sources */,
				65C14EFC217B729D001BB656 /* MainShowInformationVC.swift in Sources */,
				679CA8A321A17749000BB2C7 /* String+Ext.swift in Sources */,
				674D27DF21A0CDCD008D3A9A /* UIViewController+Ext.swift in Sources */,
				6509780E218B1050004153A5 /* epCell.swift in Sources */,
				67D85AF42198189F00094E34 /* mainCell.swift in Sources */,
				655F01412178F8710079D430 /* ShowEpisodenInformation.swift in Sources */,
				67D49CD0219741E600FF767A /* RealmBookmarkShow.swift in Sources */,
				65EAE2DA217C8EF40024ACBB /* String+Extension.swift in Sources */,
				657A77E22198542E005DB872 /* BookmarksVC.swift in Sources */,
				65228A1821860AE8002AFD7A /* previewViewController.swift in Sources */,
				65C14F02217B85C7001BB656 /* ShowSearch.swift in Sources */,
				674D27E121A0CFAA008D3A9A /* bookmarkCell.swift in Sources */,
				676EBA7921A36F2200F9312B /* UIApplication+Ext.swift in Sources */,
				65E7B90821723703006FA47D /* ShowMainInformation.swift in Sources */,
				67FB0B24219BF292002D3430 /* ShowOperationAPI.swift in Sources */,
				6785B1F9219A2AFB0041BBC4 /* UserActionConfirmView.swift in Sources */,
				65C14EFE217B72E9001BB656 /* EpisodesListVC.swift in Sources */,
				658BEEC721A9D1530097F105 /* CalendarCollectionCustomCell.swift in Sources */,
				65E7B8F221723648006FA47D /* AppDelegate.swift in Sources */,
				65C14F04217BD009001BB656 /* CachedImageView.swift in Sources */,
				65E7B91021725FC4006FA47D /* ShowEpListApi.swift in Sources */,
			);
			runOnlyForDeploymentPostprocessing = 0;
		};
/* End PBXSourcesBuildPhase section */

/* Begin PBXVariantGroup section */
		65E7B8FA21723648006FA47D /* LaunchScreen.storyboard */ = {
			isa = PBXVariantGroup;
			children = (
				65E7B8FB21723648006FA47D /* Base */,
			);
			name = LaunchScreen.storyboard;
			sourceTree = "<group>";
		};
/* End PBXVariantGroup section */

/* Begin XCBuildConfiguration section */
		65E7B8FE21723648006FA47D /* Debug */ = {
			isa = XCBuildConfiguration;
			buildSettings = {
				ALWAYS_SEARCH_USER_PATHS = NO;
				CLANG_ANALYZER_NONNULL = YES;
				CLANG_ANALYZER_NUMBER_OBJECT_CONVERSION = YES_AGGRESSIVE;
				CLANG_CXX_LANGUAGE_STANDARD = "gnu++14";
				CLANG_CXX_LIBRARY = "libc++";
				CLANG_ENABLE_MODULES = YES;
				CLANG_ENABLE_OBJC_ARC = YES;
				CLANG_ENABLE_OBJC_WEAK = YES;
				CLANG_WARN_BLOCK_CAPTURE_AUTORELEASING = YES;
				CLANG_WARN_BOOL_CONVERSION = YES;
				CLANG_WARN_COMMA = YES;
				CLANG_WARN_CONSTANT_CONVERSION = YES;
				CLANG_WARN_DEPRECATED_OBJC_IMPLEMENTATIONS = YES;
				CLANG_WARN_DIRECT_OBJC_ISA_USAGE = YES_ERROR;
				CLANG_WARN_DOCUMENTATION_COMMENTS = YES;
				CLANG_WARN_EMPTY_BODY = YES;
				CLANG_WARN_ENUM_CONVERSION = YES;
				CLANG_WARN_INFINITE_RECURSION = YES;
				CLANG_WARN_INT_CONVERSION = YES;
				CLANG_WARN_NON_LITERAL_NULL_CONVERSION = YES;
				CLANG_WARN_OBJC_IMPLICIT_RETAIN_SELF = YES;
				CLANG_WARN_OBJC_LITERAL_CONVERSION = YES;
				CLANG_WARN_OBJC_ROOT_CLASS = YES_ERROR;
				CLANG_WARN_RANGE_LOOP_ANALYSIS = YES;
				CLANG_WARN_STRICT_PROTOTYPES = YES;
				CLANG_WARN_SUSPICIOUS_MOVE = YES;
				CLANG_WARN_UNGUARDED_AVAILABILITY = YES_AGGRESSIVE;
				CLANG_WARN_UNREACHABLE_CODE = YES;
				CLANG_WARN__DUPLICATE_METHOD_MATCH = YES;
				CODE_SIGN_IDENTITY = "iPhone Developer";
				COPY_PHASE_STRIP = NO;
				DEBUG_INFORMATION_FORMAT = dwarf;
				ENABLE_STRICT_OBJC_MSGSEND = YES;
				ENABLE_TESTABILITY = YES;
				GCC_C_LANGUAGE_STANDARD = gnu11;
				GCC_DYNAMIC_NO_PIC = NO;
				GCC_NO_COMMON_BLOCKS = YES;
				GCC_OPTIMIZATION_LEVEL = 0;
				GCC_PREPROCESSOR_DEFINITIONS = (
					"DEBUG=1",
					"$(inherited)",
				);
				GCC_WARN_64_TO_32_BIT_CONVERSION = YES;
				GCC_WARN_ABOUT_RETURN_TYPE = YES_ERROR;
				GCC_WARN_UNDECLARED_SELECTOR = YES;
				GCC_WARN_UNINITIALIZED_AUTOS = YES_AGGRESSIVE;
				GCC_WARN_UNUSED_FUNCTION = YES;
				GCC_WARN_UNUSED_VARIABLE = YES;
				IPHONEOS_DEPLOYMENT_TARGET = 12.0;
				MTL_ENABLE_DEBUG_INFO = INCLUDE_SOURCE;
				MTL_FAST_MATH = YES;
				ONLY_ACTIVE_ARCH = YES;
				SDKROOT = iphoneos;
				SWIFT_ACTIVE_COMPILATION_CONDITIONS = DEBUG;
				SWIFT_OPTIMIZATION_LEVEL = "-Onone";
			};
			name = Debug;
		};
		65E7B8FF21723648006FA47D /* Release */ = {
			isa = XCBuildConfiguration;
			buildSettings = {
				ALWAYS_SEARCH_USER_PATHS = NO;
				CLANG_ANALYZER_NONNULL = YES;
				CLANG_ANALYZER_NUMBER_OBJECT_CONVERSION = YES_AGGRESSIVE;
				CLANG_CXX_LANGUAGE_STANDARD = "gnu++14";
				CLANG_CXX_LIBRARY = "libc++";
				CLANG_ENABLE_MODULES = YES;
				CLANG_ENABLE_OBJC_ARC = YES;
				CLANG_ENABLE_OBJC_WEAK = YES;
				CLANG_WARN_BLOCK_CAPTURE_AUTORELEASING = YES;
				CLANG_WARN_BOOL_CONVERSION = YES;
				CLANG_WARN_COMMA = YES;
				CLANG_WARN_CONSTANT_CONVERSION = YES;
				CLANG_WARN_DEPRECATED_OBJC_IMPLEMENTATIONS = YES;
				CLANG_WARN_DIRECT_OBJC_ISA_USAGE = YES_ERROR;
				CLANG_WARN_DOCUMENTATION_COMMENTS = YES;
				CLANG_WARN_EMPTY_BODY = YES;
				CLANG_WARN_ENUM_CONVERSION = YES;
				CLANG_WARN_INFINITE_RECURSION = YES;
				CLANG_WARN_INT_CONVERSION = YES;
				CLANG_WARN_NON_LITERAL_NULL_CONVERSION = YES;
				CLANG_WARN_OBJC_IMPLICIT_RETAIN_SELF = YES;
				CLANG_WARN_OBJC_LITERAL_CONVERSION = YES;
				CLANG_WARN_OBJC_ROOT_CLASS = YES_ERROR;
				CLANG_WARN_RANGE_LOOP_ANALYSIS = YES;
				CLANG_WARN_STRICT_PROTOTYPES = YES;
				CLANG_WARN_SUSPICIOUS_MOVE = YES;
				CLANG_WARN_UNGUARDED_AVAILABILITY = YES_AGGRESSIVE;
				CLANG_WARN_UNREACHABLE_CODE = YES;
				CLANG_WARN__DUPLICATE_METHOD_MATCH = YES;
				CODE_SIGN_IDENTITY = "iPhone Developer";
				COPY_PHASE_STRIP = NO;
				DEBUG_INFORMATION_FORMAT = "dwarf-with-dsym";
				ENABLE_NS_ASSERTIONS = NO;
				ENABLE_STRICT_OBJC_MSGSEND = YES;
				GCC_C_LANGUAGE_STANDARD = gnu11;
				GCC_NO_COMMON_BLOCKS = YES;
				GCC_WARN_64_TO_32_BIT_CONVERSION = YES;
				GCC_WARN_ABOUT_RETURN_TYPE = YES_ERROR;
				GCC_WARN_UNDECLARED_SELECTOR = YES;
				GCC_WARN_UNINITIALIZED_AUTOS = YES_AGGRESSIVE;
				GCC_WARN_UNUSED_FUNCTION = YES;
				GCC_WARN_UNUSED_VARIABLE = YES;
				IPHONEOS_DEPLOYMENT_TARGET = 12.0;
				MTL_ENABLE_DEBUG_INFO = NO;
				MTL_FAST_MATH = YES;
				SDKROOT = iphoneos;
				SWIFT_COMPILATION_MODE = wholemodule;
				SWIFT_OPTIMIZATION_LEVEL = "-O";
				VALIDATE_PRODUCT = YES;
			};
			name = Release;
		};
		65E7B90121723648006FA47D /* Debug */ = {
			isa = XCBuildConfiguration;
			baseConfigurationReference = 135E1B3DFCF64FA9F06E38C7 /* Pods-SerienTracker.debug.xcconfig */;
			buildSettings = {
				ASSETCATALOG_COMPILER_APPICON_NAME = AppIcon;
				CODE_SIGN_STYLE = Automatic;
				DEVELOPMENT_TEAM = ZUPDY5HK4A;
				INFOPLIST_FILE = SerienTracker/Info.plist;
				LD_RUNPATH_SEARCH_PATHS = (
					"$(inherited)",
					"@executable_path/Frameworks",
				);
				PRODUCT_BUNDLE_IDENTIFIER = com.danielkeglmeier.SerienTracker;
				PRODUCT_NAME = "$(TARGET_NAME)";
				SWIFT_VERSION = 4.2;
				TARGETED_DEVICE_FAMILY = "1,2";
			};
			name = Debug;
		};
		65E7B90221723648006FA47D /* Release */ = {
			isa = XCBuildConfiguration;
			baseConfigurationReference = 3B87D319B785A717BD43994D /* Pods-SerienTracker.release.xcconfig */;
			buildSettings = {
				ASSETCATALOG_COMPILER_APPICON_NAME = AppIcon;
				CODE_SIGN_STYLE = Automatic;
				DEVELOPMENT_TEAM = ZUPDY5HK4A;
				INFOPLIST_FILE = SerienTracker/Info.plist;
				LD_RUNPATH_SEARCH_PATHS = (
					"$(inherited)",
					"@executable_path/Frameworks",
				);
				PRODUCT_BUNDLE_IDENTIFIER = com.danielkeglmeier.SerienTracker;
				PRODUCT_NAME = "$(TARGET_NAME)";
				SWIFT_VERSION = 4.2;
				TARGETED_DEVICE_FAMILY = "1,2";
			};
			name = Release;
		};
/* End XCBuildConfiguration section */

/* Begin XCConfigurationList section */
		65E7B8E921723647006FA47D /* Build configuration list for PBXProject "SerienTracker" */ = {
			isa = XCConfigurationList;
			buildConfigurations = (
				65E7B8FE21723648006FA47D /* Debug */,
				65E7B8FF21723648006FA47D /* Release */,
			);
			defaultConfigurationIsVisible = 0;
			defaultConfigurationName = Release;
		};
		65E7B90021723648006FA47D /* Build configuration list for PBXNativeTarget "SerienTracker" */ = {
			isa = XCConfigurationList;
			buildConfigurations = (
				65E7B90121723648006FA47D /* Debug */,
				65E7B90221723648006FA47D /* Release */,
			);
			defaultConfigurationIsVisible = 0;
			defaultConfigurationName = Release;
		};
/* End XCConfigurationList section */
	};
	rootObject = 65E7B8E621723647006FA47D /* Project object */;
}
